Microsoft Visual Studio Solution File, Format Version 12.00
# Visual Studio Version 17
VisualStudioVersion = 17.5.2.0
MinimumVisualStudioVersion = 10.0.40219.1
Project("{FAE04EC0-301F-11D3-BF4B-00C04F79EFBC}") = "ErasmusEquiv", "ErasmusEquiv.csproj", "{3E4AF348-838A-8343-11CC-78760030DCC9}"
EndProject
Global
	GlobalSection(SolutionConfigurationPlatforms) = preSolution
		Debug|Any CPU = Debug|Any CPU
		Release|Any CPU = Release|Any CPU
	EndGlobalSection
	GlobalSection(ProjectConfigurationPlatforms) = postSolution
		{3E4AF348-838A-8343-11CC-78760030DCC9}.Debug|Any CPU.ActiveCfg = Debug|Any CPU
		{3E4AF348-838A-8343-11CC-78760030DCC9}.Debug|Any CPU.Build.0 = Debug|Any CPU
		{3E4AF348-838A-8343-11CC-78760030DCC9}.Release|Any CPU.ActiveCfg = Release|Any CPU
		{3E4AF348-838A-8343-11CC-78760030DCC9}.Release|Any CPU.Build.0 = Release|Any CPU
	EndGlobalSection
	GlobalSection(SolutionProperties) = preSolution
		HideSolutionNode = FALSE
	EndGlobalSection
	GlobalSection(ExtensibilityGlobals) = postSolution
		SolutionGuid = {C539BF5D-CB38-4AFB-B68C-8D310ED89D33}
	EndGlobalSection
EndGlobal
